
Microsoft Visual Studio Solution File, Format Version 12.00
# Visual Studio Version 16
VisualStudioVersion = 16.0.30104.148
MinimumVisualStudioVersion = 10.0.40219.1
Project("{FAE04EC0-301F-11D3-BF4B-00C04F79EFBC}") = "ConsoleApp3", "ConsoleApp3\ConsoleApp3.csproj", "{06FB8616-DD5A-4B9B-8DAF-A35A5646C1A3}"
EndProject
Global
	GlobalSection(SolutionConfigurationPlatforms) = preSolution
		Debug|Any CPU = Debug|Any CPU
		Release|Any CPU = Release|Any CPU
	EndGlobalSection
	GlobalSection(ProjectConfigurationPlatforms) = postSolution
		{06FB8616-DD5A-4B9B-8DAF-A35A5646C1A3}.Debug|Any CPU.ActiveCfg = Debug|Any CPU
		{06FB8616-DD5A-4B9B-8DAF-A35A5646C1A3}.Debug|Any CPU.Build.0 = Debug|Any CPU
		{06FB8616-DD5A-4B9B-8DAF-A35A5646C1A3}.Release|Any CPU.ActiveCfg = Release|Any CPU
		{06FB8616-DD5A-4B9B-8DAF-A35A5646C1A3}.Release|Any CPU.Build.0 = Release|Any CPU
	EndGlobalSection
	GlobalSection(SolutionProperties) = preSolution
		HideSolutionNode = FALSE
	EndGlobalSection
	GlobalSection(ExtensibilityGlobals) = postSolution
		SolutionGuid = {AD22F661-4E84-4DB8-ADBB-E17E7D4E5B15}
	EndGlobalSection
EndGlobal
